
Microsoft Visual Studio Solution File, Format Version 12.00
# Visual Studio 15
VisualStudioVersion = 15.0.27428.2037
MinimumVisualStudioVersion = 10.0.40219.1
Project("{FAE04EC0-301F-11D3-BF4B-00C04F79EFBC}") = "TopBeers", "TopBeers\TopBeers.csproj", "{F349033E-7451-40E7-BC2E-E3B9DE948248}"
EndProject
Global
	GlobalSection(SolutionConfigurationPlatforms) = preSolution
		Debug|Any CPU = Debug|Any CPU
		Release|Any CPU = Release|Any CPU
	EndGlobalSection
	GlobalSection(ProjectConfigurationPlatforms) = postSolution
		{F349033E-7451-40E7-BC2E-E3B9DE948248}.Debug|Any CPU.ActiveCfg = Debug|Any CPU
		{F349033E-7451-40E7-BC2E-E3B9DE948248}.Debug|Any CPU.Build.0 = Debug|Any CPU
		{F349033E-7451-40E7-BC2E-E3B9DE948248}.Release|Any CPU.ActiveCfg = Release|Any CPU
		{F349033E-7451-40E7-BC2E-E3B9DE948248}.Release|Any CPU.Build.0 = Release|Any CPU
	EndGlobalSection
	GlobalSection(SolutionProperties) = preSolution
		HideSolutionNode = FALSE
	EndGlobalSection
	GlobalSection(ExtensibilityGlobals) = postSolution
		SolutionGuid = {E53FBAD3-B287-4CEA-8126-DF6A6CC03918}
	EndGlobalSection
EndGlobal
